// !$*UTF8*$!
{
	archiveVersion = 1;
	classes = {
	};
	objectVersion = 56;
	objects = {

/* Begin PBXBuildFile section */
		2F1AC3A22A8524B100552675 /* TicTacToeGameApp.swift in Sources */ = {isa = PBXBuildFile; fileRef = 2F1AC3A12A8524B100552675 /* TicTacToeGameApp.swift */; };
		2F1AC3A62A8524B200552675 /* Assets.xcassets in Resources */ = {isa = PBXBuildFile; fileRef = 2F1AC3A52A8524B200552675 /* Assets.xcassets */; };
		2F1AC3A92A8524B200552675 /* Preview Assets.xcassets in Resources */ = {isa = PBXBuildFile; fileRef = 2F1AC3A82A8524B200552675 /* Preview Assets.xcassets */; };
		2F1AC3B12A85285F00552675 /* ChoosePlayerView.swift in Sources */ = {isa = PBXBuildFile; fileRef = 2F1AC3B02A85285F00552675 /* ChoosePlayerView.swift */; };
		2F1AC3B32A8545CC00552675 /* XShape.swift in Sources */ = {isa = PBXBuildFile; fileRef = 2F1AC3B22A8545CC00552675 /* XShape.swift */; };
		2F1AC3B52A8545D700552675 /* OShape.swift in Sources */ = {isa = PBXBuildFile; fileRef = 2F1AC3B42A8545D700552675 /* OShape.swift */; };
		2F1AC3B92A85727C00552675 /* BackgroundColor.swift in Sources */ = {isa = PBXBuildFile; fileRef = 2F1AC3B82A85727C00552675 /* BackgroundColor.swift */; };
		2F1AC3BB2A85895400552675 /* StartPlaying.swift in Sources */ = {isa = PBXBuildFile; fileRef = 2F1AC3BA2A85895400552675 /* StartPlaying.swift */; };
		2F1AC3BD2A868C1600552675 /* ButtonsView.swift in Sources */ = {isa = PBXBuildFile; fileRef = 2F1AC3BC2A868C1600552675 /* ButtonsView.swift */; };
		2F1AC3C22A86903000552675 /* ButtonType.swift in Sources */ = {isa = PBXBuildFile; fileRef = 2F1AC3C12A86903000552675 /* ButtonType.swift */; };
		2F1AC3C52A86938800552675 /* PutValue.swift in Sources */ = {isa = PBXBuildFile; fileRef = 2F1AC3C42A86938800552675 /* PutValue.swift */; };
		2F1AC3CB2A880CAE00552675 /* WinnerSheet.swift in Sources */ = {isa = PBXBuildFile; fileRef = 2F1AC3CA2A880CAE00552675 /* WinnerSheet.swift */; };
		2F1AC3CD2A880D1F00552675 /* NoWinnerSheet.swift in Sources */ = {isa = PBXBuildFile; fileRef = 2F1AC3CC2A880D1F00552675 /* NoWinnerSheet.swift */; };
/* End PBXBuildFile section */

/* Begin PBXFileReference section */
		2F1AC39E2A8524B100552675 /* TicTacToeGame.app */ = {isa = PBXFileReference; explicitFileType = wrapper.application; includeInIndex = 0; path = TicTacToeGame.app; sourceTree = BUILT_PRODUCTS_DIR; };
		2F1AC3A12A8524B100552675 /* TicTacToeGameApp.swift */ = {isa = PBXFileReference; lastKnownFileType = sourcecode.swift; path = TicTacToeGameApp.swift; sourceTree = "<group>"; };
		2F1AC3A52A8524B200552675 /* Assets.xcassets */ = {isa = PBXFileReference; lastKnownFileType = folder.assetcatalog; path = Assets.xcassets; sourceTree = "<group>"; };
		2F1AC3A82A8524B200552675 /* Preview Assets.xcassets */ = {isa = PBXFileReference; lastKnownFileType = folder.assetcatalog; path = "Preview Assets.xcassets"; sourceTree = "<group>"; };
		2F1AC3B02A85285F00552675 /* ChoosePlayerView.swift */ = {isa = PBXFileReference; lastKnownFileType = sourcecode.swift; path = ChoosePlayerView.swift; sourceTree = "<group>"; };
		2F1AC3B22A8545CC00552675 /* XShape.swift */ = {isa = PBXFileReference; lastKnownFileType = sourcecode.swift; path = XShape.swift; sourceTree = "<group>"; };
		2F1AC3B42A8545D700552675 /* OShape.swift */ = {isa = PBXFileReference; lastKnownFileType = sourcecode.swift; path = OShape.swift; sourceTree = "<group>"; };
		2F1AC3B82A85727C00552675 /* BackgroundColor.swift */ = {isa = PBXFileReference; lastKnownFileType = sourcecode.swift; path = BackgroundColor.swift; sourceTree = "<group>"; };
		2F1AC3BA2A85895400552675 /* StartPlaying.swift */ = {isa = PBXFileReference; lastKnownFileType = sourcecode.swift; path = StartPlaying.swift; sourceTree = "<group>"; };
		2F1AC3BC2A868C1600552675 /* ButtonsView.swift */ = {isa = PBXFileReference; lastKnownFileType = sourcecode.swift; path = ButtonsView.swift; sourceTree = "<group>"; };
		2F1AC3C12A86903000552675 /* ButtonType.swift */ = {isa = PBXFileReference; lastKnownFileType = sourcecode.swift; path = ButtonType.swift; sourceTree = "<group>"; };
		2F1AC3C42A86938800552675 /* PutValue.swift */ = {isa = PBXFileReference; lastKnownFileType = sourcecode.swift; path = PutValue.swift; sourceTree = "<group>"; };
		2F1AC3CA2A880CAE00552675 /* WinnerSheet.swift */ = {isa = PBXFileReference; lastKnownFileType = sourcecode.swift; path = WinnerSheet.swift; sourceTree = "<group>"; };
		2F1AC3CC2A880D1F00552675 /* NoWinnerSheet.swift */ = {isa = PBXFileReference; lastKnownFileType = sourcecode.swift; path = NoWinnerSheet.swift; sourceTree = "<group>"; };
/* End PBXFileReference section */

/* Begin PBXFrameworksBuildPhase section */
		2F1AC39B2A8524B100552675 /* Frameworks */ = {
			isa = PBXFrameworksBuildPhase;
			buildActionMask = 2147483647;
			files = (
			);
			runOnlyForDeploymentPostprocessing = 0;
		};
/* End PBXFrameworksBuildPhase section */

/* Begin PBXGroup section */
		2F1AC3952A8524B100552675 = {
			isa = PBXGroup;
			children = (
				2F1AC3A02A8524B100552675 /* TicTacToeGame */,
				2F1AC39F2A8524B100552675 /* Products */,
			);
			sourceTree = "<group>";
		};
		2F1AC39F2A8524B100552675 /* Products */ = {
			isa = PBXGroup;
			children = (
				2F1AC39E2A8524B100552675 /* TicTacToeGame.app */,
			);
			name = Products;
			sourceTree = "<group>";
		};
		2F1AC3A02A8524B100552675 /* TicTacToeGame */ = {
			isa = PBXGroup;
			children = (
				2F1AC3A12A8524B100552675 /* TicTacToeGameApp.swift */,
				2F1AC3BE2A868F9B00552675 /* Models */,
				2F1AC3C32A86936800552675 /* ViewModels */,
				2F1AC3AF2A85283600552675 /* Views */,
				2F1AC3A52A8524B200552675 /* Assets.xcassets */,
				2F1AC3A72A8524B200552675 /* Preview Content */,
			);
			path = TicTacToeGame;
			sourceTree = "<group>";
		};
		2F1AC3A72A8524B200552675 /* Preview Content */ = {
			isa = PBXGroup;
			children = (
				2F1AC3A82A8524B200552675 /* Preview Assets.xcassets */,
			);
			path = "Preview Content";
			sourceTree = "<group>";
		};
		2F1AC3AF2A85283600552675 /* Views */ = {
			isa = PBXGroup;
			children = (
				2F1AC3B02A85285F00552675 /* ChoosePlayerView.swift */,
				2F1AC3B42A8545D700552675 /* OShape.swift */,
				2F1AC3B22A8545CC00552675 /* XShape.swift */,
				2F1AC3B82A85727C00552675 /* BackgroundColor.swift */,
				2F1AC3BA2A85895400552675 /* StartPlaying.swift */,
				2F1AC3BC2A868C1600552675 /* ButtonsView.swift */,
				2F1AC3CA2A880CAE00552675 /* WinnerSheet.swift */,
				2F1AC3CC2A880D1F00552675 /* NoWinnerSheet.swift */,
			);
			path = Views;
			sourceTree = "<group>";
		};
		2F1AC3BE2A868F9B00552675 /* Models */ = {
			isa = PBXGroup;
			children = (
				2F1AC3C12A86903000552675 /* ButtonType.swift */,
			);
			path = Models;
			sourceTree = "<group>";
		};
		2F1AC3C32A86936800552675 /* ViewModels */ = {
			isa = PBXGroup;
			children = (
				2F1AC3C42A86938800552675 /* PutValue.swift */,
			);
			path = ViewModels;
			sourceTree = "<group>";
		};
/* End PBXGroup section */

/* Begin PBXNativeTarget section */
		2F1AC39D2A8524B100552675 /* TicTacToeGame */ = {
			isa = PBXNativeTarget;
			buildConfigurationList = 2F1AC3AC2A8524B200552675 /* Build configuration list for PBXNativeTarget "TicTacToeGame" */;
			buildPhases = (
				2F1AC39A2A8524B100552675 /* Sources */,
				2F1AC39B2A8524B100552675 /* Frameworks */,
				2F1AC39C2A8524B100552675 /* Resources */,
			);
			buildRules = (
			);
			dependencies = (
			);
			name = TicTacToeGame;
			productName = TicTacToeGame;
			productReference = 2F1AC39E2A8524B100552675 /* TicTacToeGame.app */;
			productType = "com.apple.product-type.application";
		};
/* End PBXNativeTarget section */

/* Begin PBXProject section */
		2F1AC3962A8524B100552675 /* Project object */ = {
			isa = PBXProject;
			attributes = {
				BuildIndependentTargetsInParallel = 1;
				LastSwiftUpdateCheck = 1430;
				LastUpgradeCheck = 1430;
				TargetAttributes = {
					2F1AC39D2A8524B100552675 = {
						CreatedOnToolsVersion = 14.3.1;
					};
				};
			};
			buildConfigurationList = 2F1AC3992A8524B100552675 /* Build configuration list for PBXProject "TicTacToeGame" */;
			compatibilityVersion = "Xcode 14.0";
			developmentRegion = en;
			hasScannedForEncodings = 0;
			knownRegions = (
				en,
				Base,
			);
			mainGroup = 2F1AC3952A8524B100552675;
			productRefGroup = 2F1AC39F2A8524B100552675 /* Products */;
			projectDirPath = "";
			projectRoot = "";
			targets = (
				2F1AC39D2A8524B100552675 /* TicTacToeGame */,
			);
		};
/* End PBXProject section */

/* Begin PBXResourcesBuildPhase section */
		2F1AC39C2A8524B100552675 /* Resources */ = {
			isa = PBXResourcesBuildPhase;
			buildActionMask = 2147483647;
			files = (
				2F1AC3A92A8524B200552675 /* Preview Assets.xcassets in Resources */,
				2F1AC3A62A8524B200552675 /* Assets.xcassets in Resources */,
			);
			runOnlyForDeploymentPostprocessing = 0;
		};
/* End PBXResourcesBuildPhase section */

/* Begin PBXSourcesBuildPhase section */
		2F1AC39A2A8524B100552675 /* Sources */ = {
			isa = PBXSourcesBuildPhase;
			buildActionMask = 2147483647;
			files = (
				2F1AC3C52A86938800552675 /* PutValue.swift in Sources */,
				2F1AC3B32A8545CC00552675 /* XShape.swift in Sources */,
				2F1AC3C22A86903000552675 /* ButtonType.swift in Sources */,
				2F1AC3CD2A880D1F00552675 /* NoWinnerSheet.swift in Sources */,
				2F1AC3B92A85727C00552675 /* BackgroundColor.swift in Sources */,
				2F1AC3A22A8524B100552675 /* TicTacToeGameApp.swift in Sources */,
				2F1AC3B12A85285F00552675 /* ChoosePlayerView.swift in Sources */,
				2F1AC3CB2A880CAE00552675 /* WinnerSheet.swift in Sources */,
				2F1AC3BD2A868C1600552675 /* ButtonsView.swift in Sources */,
				2F1AC3B52A8545D700552675 /* OShape.swift in Sources */,
				2F1AC3BB2A85895400552675 /* StartPlaying.swift in Sources */,
			);
			runOnlyForDeploymentPostprocessing = 0;
		};
/* End PBXSourcesBuildPhase section */

/* Begin XCBuildConfiguration section */
		2F1AC3AA2A8524B200552675 /* Debug */ = {
			isa = XCBuildConfiguration;
			buildSettings = {
				ALWAYS_SEARCH_USER_PATHS = NO;
				CLANG_ANALYZER_NONNULL = YES;
				CLANG_ANALYZER_NUMBER_OBJECT_CONVERSION = YES_AGGRESSIVE;
				CLANG_CXX_LANGUAGE_STANDARD = "gnu++20";
				CLANG_ENABLE_MODULES = YES;
				CLANG_ENABLE_OBJC_ARC = YES;
				CLANG_ENABLE_OBJC_WEAK = YES;
				CLANG_WARN_BLOCK_CAPTURE_AUTORELEASING = YES;
				CLANG_WARN_BOOL_CONVERSION = YES;
				CLANG_WARN_COMMA = YES;
				CLANG_WARN_CONSTANT_CONVERSION = YES;
				CLANG_WARN_DEPRECATED_OBJC_IMPLEMENTATIONS = YES;
				CLANG_WARN_DIRECT_OBJC_ISA_USAGE = YES_ERROR;
				CLANG_WARN_DOCUMENTATION_COMMENTS = YES;
				CLANG_WARN_EMPTY_BODY = YES;
				CLANG_WARN_ENUM_CONVERSION = YES;
				CLANG_WARN_INFINITE_RECURSION = YES;
				CLANG_WARN_INT_CONVERSION = YES;
				CLANG_WARN_NON_LITERAL_NULL_CONVERSION = YES;
				CLANG_WARN_OBJC_IMPLICIT_RETAIN_SELF = YES;
				CLANG_WARN_OBJC_LITERAL_CONVERSION = YES;
				CLANG_WARN_OBJC_ROOT_CLASS = YES_ERROR;
				CLANG_WARN_QUOTED_INCLUDE_IN_FRAMEWORK_HEADER = YES;
				CLANG_WARN_RANGE_LOOP_ANALYSIS = YES;
				CLANG_WARN_STRICT_PROTOTYPES = YES;
				CLANG_WARN_SUSPICIOUS_MOVE = YES;
				CLANG_WARN_UNGUARDED_AVAILABILITY = YES_AGGRESSIVE;
				CLANG_WARN_UNREACHABLE_CODE = YES;
				CLANG_WARN__DUPLICATE_METHOD_MATCH = YES;
				COPY_PHASE_STRIP = NO;
				DEBUG_INFORMATION_FORMAT = dwarf;
				ENABLE_STRICT_OBJC_MSGSEND = YES;
				ENABLE_TESTABILITY = YES;
				GCC_C_LANGUAGE_STANDARD = gnu11;
				GCC_DYNAMIC_NO_PIC = NO;
				GCC_NO_COMMON_BLOCKS = YES;
				GCC_OPTIMIZATION_LEVEL = 0;
				GCC_PREPROCESSOR_DEFINITIONS = (
					"DEBUG=1",
					"$(inherited)",
				);
				GCC_WARN_64_TO_32_BIT_CONVERSION = YES;
				GCC_WARN_ABOUT_RETURN_TYPE = YES_ERROR;
				GCC_WARN_UNDECLARED_SELECTOR = YES;
				GCC_WARN_UNINITIALIZED_AUTOS = YES_AGGRESSIVE;
				GCC_WARN_UNUSED_FUNCTION = YES;
				GCC_WARN_UNUSED_VARIABLE = YES;
				IPHONEOS_DEPLOYMENT_TARGET = 16.4;
				MTL_ENABLE_DEBUG_INFO = INCLUDE_SOURCE;
				MTL_FAST_MATH = YES;
				ONLY_ACTIVE_ARCH = YES;
				SDKROOT = iphoneos;
				SWIFT_ACTIVE_COMPILATION_CONDITIONS = DEBUG;
				SWIFT_OPTIMIZATION_LEVEL = "-Onone";
			};
			name = Debug;
		};
		2F1AC3AB2A8524B200552675 /* Release */ = {
			isa = XCBuildConfiguration;
			buildSettings = {
				ALWAYS_SEARCH_USER_PATHS = NO;
				CLANG_ANALYZER_NONNULL = YES;
				CLANG_ANALYZER_NUMBER_OBJECT_CONVERSION = YES_AGGRESSIVE;
				CLANG_CXX_LANGUAGE_STANDARD = "gnu++20";
				CLANG_ENABLE_MODULES = YES;
				CLANG_ENABLE_OBJC_ARC = YES;
				CLANG_ENABLE_OBJC_WEAK = YES;
				CLANG_WARN_BLOCK_CAPTURE_AUTORELEASING = YES;
				CLANG_WARN_BOOL_CONVERSION = YES;
				CLANG_WARN_COMMA = YES;
				CLANG_WARN_CONSTANT_CONVERSION = YES;
				CLANG_WARN_DEPRECATED_OBJC_IMPLEMENTATIONS = YES;
				CLANG_WARN_DIRECT_OBJC_ISA_USAGE = YES_ERROR;
				CLANG_WARN_DOCUMENTATION_COMMENTS = YES;
				CLANG_WARN_EMPTY_BODY = YES;
				CLANG_WARN_ENUM_CONVERSION = YES;
				CLANG_WARN_INFINITE_RECURSION = YES;
				CLANG_WARN_INT_CONVERSION = YES;
				CLANG_WARN_NON_LITERAL_NULL_CONVERSION = YES;
				CLANG_WARN_OBJC_IMPLICIT_RETAIN_SELF = YES;
				CLANG_WARN_OBJC_LITERAL_CONVERSION = YES;
				CLANG_WARN_OBJC_ROOT_CLASS = YES_ERROR;
				CLANG_WARN_QUOTED_INCLUDE_IN_FRAMEWORK_HEADER = YES;
				CLANG_WARN_RANGE_LOOP_ANALYSIS = YES;
				CLANG_WARN_STRICT_PROTOTYPES = YES;
				CLANG_WARN_SUSPICIOUS_MOVE = YES;
				CLANG_WARN_UNGUARDED_AVAILABILITY = YES_AGGRESSIVE;
				CLANG_WARN_UNREACHABLE_CODE = YES;
				CLANG_WARN__DUPLICATE_METHOD_MATCH = YES;
				COPY_PHASE_STRIP = NO;
				DEBUG_INFORMATION_FORMAT = "dwarf-with-dsym";
				ENABLE_NS_ASSERTIONS = NO;
				ENABLE_STRICT_OBJC_MSGSEND = YES;
				GCC_C_LANGUAGE_STANDARD = gnu11;
				GCC_NO_COMMON_BLOCKS = YES;
				GCC_WARN_64_TO_32_BIT_CONVERSION = YES;
				GCC_WARN_ABOUT_RETURN_TYPE = YES_ERROR;
				GCC_WARN_UNDECLARED_SELECTOR = YES;
				GCC_WARN_UNINITIALIZED_AUTOS = YES_AGGRESSIVE;
				GCC_WARN_UNUSED_FUNCTION = YES;
				GCC_WARN_UNUSED_VARIABLE = YES;
				IPHONEOS_DEPLOYMENT_TARGET = 16.4;
				MTL_ENABLE_DEBUG_INFO = NO;
				MTL_FAST_MATH = YES;
				SDKROOT = iphoneos;
				SWIFT_COMPILATION_MODE = wholemodule;
				SWIFT_OPTIMIZATION_LEVEL = "-O";
				VALIDATE_PRODUCT = YES;
			};
			name = Release;
		};
		2F1AC3AD2A8524B200552675 /* Debug */ = {
			isa = XCBuildConfiguration;
			buildSettings = {
				ASSETCATALOG_COMPILER_APPICON_NAME = AppIcon;
				ASSETCATALOG_COMPILER_GLOBAL_ACCENT_COLOR_NAME = AccentColor;
				CODE_SIGN_STYLE = Automatic;
				CURRENT_PROJECT_VERSION = 1;
				DEVELOPMENT_ASSET_PATHS = "\"TicTacToeGame/Preview Content\"";
				ENABLE_PREVIEWS = YES;
				GENERATE_INFOPLIST_FILE = YES;
				INFOPLIST_KEY_UIApplicationSceneManifest_Generation = YES;
				INFOPLIST_KEY_UIApplicationSupportsIndirectInputEvents = YES;
				INFOPLIST_KEY_UILaunchScreen_Generation = YES;
				INFOPLIST_KEY_UISupportedInterfaceOrientations_iPad = "UIInterfaceOrientationPortrait UIInterfaceOrientationPortraitUpsideDown UIInterfaceOrientationLandscapeLeft UIInterfaceOrientationLandscapeRight";
				INFOPLIST_KEY_UISupportedInterfaceOrientations_iPhone = "UIInterfaceOrientationPortrait UIInterfaceOrientationLandscapeLeft UIInterfaceOrientationLandscapeRight";
				LD_RUNPATH_SEARCH_PATHS = (
					"$(inherited)",
					"@executable_path/Frameworks",
				);
				MARKETING_VERSION = 1.0;
				PRODUCT_BUNDLE_IDENTIFIER = com.myorganization.TicTacToeGame;
				PRODUCT_NAME = "$(TARGET_NAME)";
				SWIFT_EMIT_LOC_STRINGS = YES;
				SWIFT_VERSION = 5.0;
				TARGETED_DEVICE_FAMILY = "1,2";
			};
			name = Debug;
		};
		2F1AC3AE2A8524B200552675 /* Release */ = {
			isa = XCBuildConfiguration;
			buildSettings = {
				ASSETCATALOG_COMPILER_APPICON_NAME = AppIcon;
				ASSETCATALOG_COMPILER_GLOBAL_ACCENT_COLOR_NAME = AccentColor;
				CODE_SIGN_STYLE = Automatic;
				CURRENT_PROJECT_VERSION = 1;
				DEVELOPMENT_ASSET_PATHS = "\"TicTacToeGame/Preview Content\"";
				ENABLE_PREVIEWS = YES;
				GENERATE_INFOPLIST_FILE = YES;
				INFOPLIST_KEY_UIApplicationSceneManifest_Generation = YES;
				INFOPLIST_KEY_UIApplicationSupportsIndirectInputEvents = YES;
				INFOPLIST_KEY_UILaunchScreen_Generation = YES;
				INFOPLIST_KEY_UISupportedInterfaceOrientations_iPad = "UIInterfaceOrientationPortrait UIInterfaceOrientationPortraitUpsideDown UIInterfaceOrientationLandscapeLeft UIInterfaceOrientationLandscapeRight";
				INFOPLIST_KEY_UISupportedInterfaceOrientations_iPhone = "UIInterfaceOrientationPortrait UIInterfaceOrientationLandscapeLeft UIInterfaceOrientationLandscapeRight";
				LD_RUNPATH_SEARCH_PATHS = (
					"$(inherited)",
					"@executable_path/Frameworks",
				);
				MARKETING_VERSION = 1.0;
				PRODUCT_BUNDLE_IDENTIFIER = com.myorganization.TicTacToeGame;
				PRODUCT_NAME = "$(TARGET_NAME)";
				SWIFT_EMIT_LOC_STRINGS = YES;
				SWIFT_VERSION = 5.0;
				TARGETED_DEVICE_FAMILY = "1,2";
			};
			name = Release;
		};
/* End XCBuildConfiguration section */

/* Begin XCConfigurationList section */
		2F1AC3992A8524B100552675 /* Build configuration list for PBXProject "TicTacToeGame" */ = {
			isa = XCConfigurationList;
			buildConfigurations = (
				2F1AC3AA2A8524B200552675 /* Debug */,
				2F1AC3AB2A8524B200552675 /* Release */,
			);
			defaultConfigurationIsVisible = 0;
			defaultConfigurationName = Release;
		};
		2F1AC3AC2A8524B200552675 /* Build configuration list for PBXNativeTarget "TicTacToeGame" */ = {
			isa = XCConfigurationList;
			buildConfigurations = (
				2F1AC3AD2A8524B200552675 /* Debug */,
				2F1AC3AE2A8524B200552675 /* Release */,
			);
			defaultConfigurationIsVisible = 0;
			defaultConfigurationName = Release;
		};
/* End XCConfigurationList section */
	};
	rootObject = 2F1AC3962A8524B100552675 /* Project object */;
}
